
Microsoft Visual Studio Solution File, Format Version 12.00
# Visual Studio Version 17
VisualStudioVersion = 17.13.35825.156 d17.13
MinimumVisualStudioVersion = 10.0.40219.1
Project("{FAE04EC0-301F-11D3-BF4B-00C04F79EFBC}") = "TH1", "TH1\TH1.csproj", "{EA94486D-B845-48F3-A8B8-F8426C8F425B}"
EndProject
Global
	GlobalSection(SolutionConfigurationPlatforms) = preSolution
		Debug|Any CPU = Debug|Any CPU
		Release|Any CPU = Release|Any CPU
	EndGlobalSection
	GlobalSection(ProjectConfigurationPlatforms) = postSolution
		{EA94486D-B845-48F3-A8B8-F8426C8F425B}.Debug|Any CPU.ActiveCfg = Debug|Any CPU
		{EA94486D-B845-48F3-A8B8-F8426C8F425B}.Debug|Any CPU.Build.0 = Debug|Any CPU
		{EA94486D-B845-48F3-A8B8-F8426C8F425B}.Release|Any CPU.ActiveCfg = Release|Any CPU
		{EA94486D-B845-48F3-A8B8-F8426C8F425B}.Release|Any CPU.Build.0 = Release|Any CPU
	EndGlobalSection
	GlobalSection(SolutionProperties) = preSolution
		HideSolutionNode = FALSE
	EndGlobalSection
	GlobalSection(ExtensibilityGlobals) = postSolution
		SolutionGuid = {CB04129F-D1D2-4021-9CFA-16246B02333F}
	EndGlobalSection
EndGlobal
